<?xml version="1.0" encoding="utf-8"?>
<Project ToolsVersion="4.0" xmlns="http://schemas.microsoft.com/developer/msbuild/2003">
  <ItemGroup>
    <Filter Include="Source Files">
      <UniqueIdentifier>{4FC737F1-C7A5-4376-A066-2A32D752A2FF}</UniqueIdentifier>
      <Extensions>cpp;c;cc;cxx;def;odl;idl;hpj;bat;asm;asmx</Extensions>
    </Filter>
    <Filter Include="Header Files">
      <UniqueIdentifier>{93995380-89BD-4b04-88EB-625FBE52EBFB}</UniqueIdentifier>
      <Extensions>h;hh;hpp;hxx;hm;inl;inc;ipp;xsd</Extensions>
    </Filter>
    <Filter Include="Resource Files">
      <UniqueIdentifier>{67DA6AB6-F800-4c08-8B7A-83BB121AAD01}</UniqueIdentifier>
      <Extensions>rc;ico;cur;bmp;dlg;rc2;rct;bin;rgs;gif;jpg;jpeg;jpe;resx;tiff;tif;png;wav;mfcribbon-ms</Extensions>
    </Filter>
  </ItemGroup>
  <ItemGroup>
    <ClCompile Include="src\Main.cpp">
      <Filter>Source Files</Filter>
    </ClCompile>
    <ClCompile Include="src\display\DisplayManager.cpp">
      <Filter>Source Files</Filter>
    </ClCompile>
    <ClCompile Include="src\loading\texture\Texture.cpp">
      <Filter>Source Files</Filter>
    </ClCompile>
    <ClCompile Include="src\loading\texture\TextureLoader.cpp">
      <Filter>Source Files</Filter>
    </ClCompile>
    <ClCompile Include="src\objects\TexturedModel.cpp">
      <Filter>Source Files</Filter>
    </ClCompile>
    <ClCompile Include="src\objects\RawModel.cpp">
      <Filter>Source Files</Filter>
    </ClCompile>
    <ClCompile Include="src\loading\Loader.cpp">
      <Filter>Source Files</Filter>
    </ClCompile>
    <ClCompile Include="src\objects\ModelTexture.cpp">
      <Filter>Source Files</Filter>
    </ClCompile>
    <ClCompile Include="src\util\MathHelper.cpp">
      <Filter>Source Files</Filter>
    </ClCompile>
    <ClCompile Include="src\shaders\uniform\Uniform.cpp">
      <Filter>Source Files</Filter>
    </ClCompile>
    <ClCompile Include="src\shaders\uniform\UniformBool.cpp">
      <Filter>Source Files</Filter>
    </ClCompile>
    <ClCompile Include="src\shaders\uniform\UniformFloat.cpp">
      <Filter>Source Files</Filter>
    </ClCompile>
    <ClCompile Include="src\shaders\uniform\UniformInt.cpp">
      <Filter>Source Files</Filter>
    </ClCompile>
    <ClCompile Include="src\shaders\uniform\UniformMatrix.cpp">
      <Filter>Source Files</Filter>
    </ClCompile>
    <ClCompile Include="src\shaders\uniform\UniformSampler.cpp">
      <Filter>Source Files</Filter>
    </ClCompile>
    <ClCompile Include="src\shaders\uniform\UniformVec2.cpp">
      <Filter>Source Files</Filter>
    </ClCompile>
    <ClCompile Include="src\shaders\uniform\UniformVec3.cpp">
      <Filter>Source Files</Filter>
    </ClCompile>
    <ClCompile Include="src\shaders\uniform\UniformVec4.cpp">
      <Filter>Source Files</Filter>
    </ClCompile>
    <ClCompile Include="src\shaders\ShaderProgram.cpp">
      <Filter>Source Files</Filter>
    </ClCompile>
    <ClCompile Include="src\shaders\StaticShader.cpp">
      <Filter>Source Files</Filter>
    </ClCompile>
    <ClCompile Include="src\handler\ModelHandler.cpp">
      <Filter>Source Files</Filter>
    </ClCompile>
    <ClCompile Include="src\handler\MouseHandler.cpp">
      <Filter>Source Files</Filter>
    </ClCompile>
    <ClCompile Include="src\handler\Audiohandler.cpp">
      <Filter>Source Files</Filter>
    </ClCompile>
    <ClCompile Include="src\interactable\Button.cpp">
      <Filter>Source Files</Filter>
    </ClCompile>
    <ClCompile Include="src\interfaces\Interactable.cpp">
      <Filter>Source Files</Filter>
    </ClCompile>
    <ClCompile Include="src\handler\InteractableHandler.cpp">
      <Filter>Source Files</Filter>
    </ClCompile>
    <ClCompile Include="src\interactable\ImageButton.cpp">
      <Filter>Source Files</Filter>
    </ClCompile>
    <ClCompile Include="src\sound\Sound.cpp">
      <Filter>Source Files</Filter>
    </ClCompile>
    <ClCompile Include="src\display\render\ButtonRenderer.cpp">
      <Filter>Source Files</Filter>
    </ClCompile>
    <ClCompile Include="src\interactable\CookieButton.cpp">
      <Filter>Source Files</Filter>
    </ClCompile>
    <ClCompile Include="src\display\render\StaticImageRenderer.cpp">
      <Filter>Source Files</Filter>
    </ClCompile>
    <ClCompile Include="src\objects\StaticImage.cpp">
      <Filter>Source Files</Filter>
    </ClCompile>
    <ClCompile Include="src\display\render\Renderer.cpp">
      <Filter>Source Files</Filter>
    </ClCompile>
    <ClCompile Include="src\game\PlayerData.cpp">
      <Filter>Source Files</Filter>
    </ClCompile>
    <ClCompile Include="src\shaders\FontShader.cpp">
      <Filter>Source Files</Filter>
    </ClCompile>
    <ClCompile Include="src\game\GameSaver.cpp">
      <Filter>Source Files</Filter>
    </ClCompile>
    <ClCompile Include="src\handler\EffectHandler.cpp">
      <Filter>Source Files</Filter>
    </ClCompile>
    <ClCompile Include="src\shaders\TextShader.cpp">
      <Filter>Source Files</Filter>
    </ClCompile>
    <ClCompile Include="src\objects\DynamicModel.cpp">
      <Filter>Source Files</Filter>
    </ClCompile>
    <ClCompile Include="src\shop\ShopPrices.cpp">
      <Filter>Source Files</Filter>
    </ClCompile>
    <ClCompile Include="src\shop\ShopTile.cpp">
      <Filter>Source Files</Filter>
    </ClCompile>
    <ClCompile Include="src\handler\FontHandler.cpp">
      <Filter>Source Files</Filter>
    </ClCompile>
    <ClCompile Include="src\util\Formatter.cpp">
      <Filter>Source Files</Filter>
    </ClCompile>
    <ClCompile Include="src\game\GameSettings.cpp">
      <Filter>Source Files</Filter>
    </ClCompile>
    <ClCompile Include="src\shop\Shop.cpp">
      <Filter>Source Files</Filter>
    </ClCompile>
    <ClCompile Include="src\handler\ShopHandler.cpp">
      <Filter>Source Files</Filter>
    </ClCompile>
    <ClCompile Include="src\effects\ClickLabel.cpp">
      <Filter>Source Files</Filter>
    </ClCompile>
    <ClCompile Include="src\handler\CookieHandler.cpp">
      <Filter>Source Files</Filter>
    </ClCompile>
    <ClCompile Include="src\handler\UpgradeHandler.cpp">
      <Filter>Source Files</Filter>
    </ClCompile>
    <ClCompile Include="src\shop\Upgrade.cpp">
      <Filter>Source Files</Filter>
    </ClCompile>
    <ClCompile Include="src\loading\UpgradeLoader.cpp">
      <Filter>Source Files</Filter>
    </ClCompile>
    <ClCompile Include="src\display\render\TextRenderer.cpp">
      <Filter>Source Files</Filter>
    </ClCompile>
    <ClCompile Include="src\text\Font.cpp">
      <Filter>Source Files</Filter>
    </ClCompile>
    <ClCompile Include="src\text\Label.cpp">
      <Filter>Source Files</Filter>
    </ClCompile>
    <ClCompile Include="src\display\render\InfoPaneRenderer.cpp">
      <Filter>Source Files</Filter>
    </ClCompile>
    <ClCompile Include="src\ui\UpgradeInfoPane.cpp">
      <Filter>Source Files</Filter>
    </ClCompile>
    <ClCompile Include="src\ui\BuildingInfoPane.cpp">
      <Filter>Source Files</Filter>
    </ClCompile>
  </ItemGroup>
  <ItemGroup>
    <ClInclude Include="header\loading\texture\Texture.h">
      <Filter>Header Files</Filter>
    </ClInclude>
    <ClInclude Include="header\loading\texture\TextureLoader.h">
      <Filter>Header Files</Filter>
    </ClInclude>
    <ClInclude Include="header\objects\TexturedModel.h">
      <Filter>Header Files</Filter>
    </ClInclude>
    <ClInclude Include="header\objects\RawModel.h">
      <Filter>Header Files</Filter>
    </ClInclude>
    <ClInclude Include="header\loading\Loader.h">
      <Filter>Header Files</Filter>
    </ClInclude>
    <ClInclude Include="header\objects\ModelTexture.h">
      <Filter>Header Files</Filter>
    </ClInclude>
    <ClInclude Include="header\util\MathHelper.h">
      <Filter>Header Files</Filter>
    </ClInclude>
    <ClInclude Include="header\shaders\uniform\include\Uniforms.h">
      <Filter>Header Files</Filter>
    </ClInclude>
    <ClInclude Include="header\shaders\uniform\Uniform.h">
      <Filter>Header Files</Filter>
    </ClInclude>
    <ClInclude Include="header\shaders\uniform\UniformBool.h">
      <Filter>Header Files</Filter>
    </ClInclude>
    <ClInclude Include="header\shaders\uniform\UniformFloat.h">
      <Filter>Header Files</Filter>
    </ClInclude>
    <ClInclude Include="header\shaders\uniform\UniformInt.h">
      <Filter>Header Files</Filter>
    </ClInclude>
    <ClInclude Include="header\shaders\uniform\UniformMatrix.h">
      <Filter>Header Files</Filter>
    </ClInclude>
    <ClInclude Include="header\shaders\uniform\UniformSampler.h">
      <Filter>Header Files</Filter>
    </ClInclude>
    <ClInclude Include="header\shaders\uniform\UniformVec2.h">
      <Filter>Header Files</Filter>
    </ClInclude>
    <ClInclude Include="header\shaders\uniform\UniformVec3.h">
      <Filter>Header Files</Filter>
    </ClInclude>
    <ClInclude Include="header\shaders\uniform\UniformVec4.h">
      <Filter>Header Files</Filter>
    </ClInclude>
    <ClInclude Include="header\shaders\ShaderProgram.h">
      <Filter>Header Files</Filter>
    </ClInclude>
    <ClInclude Include="header\shaders\StaticShader.h">
      <Filter>Header Files</Filter>
    </ClInclude>
    <ClInclude Include="header\handler\ModelHandler.h">
      <Filter>Header Files</Filter>
    </ClInclude>
    <ClInclude Include="header\util\TexturedModelCompare.h">
      <Filter>Header Files</Filter>
    </ClInclude>
    <ClInclude Include="header\display\DisplayManager.h">
      <Filter>Header Files</Filter>
    </ClInclude>
    <ClInclude Include="header\freetype-gl\common.h">
      <Filter>Header Files</Filter>
    </ClInclude>
    <ClInclude Include="header\freetype-gl\freetype-gl.h">
      <Filter>Header Files</Filter>
    </ClInclude>
    <ClInclude Include="header\freetype-gl\opengl.h">
      <Filter>Header Files</Filter>
    </ClInclude>
    <ClInclude Include="header\freetype-gl\platform.h">
      <Filter>Header Files</Filter>
    </ClInclude>
    <ClInclude Include="header\freetype-gl\texture-atlas.h">
      <Filter>Header Files</Filter>
    </ClInclude>
    <ClInclude Include="header\freetype-gl\texture-font.h">
      <Filter>Header Files</Filter>
    </ClInclude>
    <ClInclude Include="header\freetype-gl\vec234.h">
      <Filter>Header Files</Filter>
    </ClInclude>
    <ClInclude Include="header\freetype-gl\vector.h">
      <Filter>Header Files</Filter>
    </ClInclude>
    <ClInclude Include="header\handler\MouseHandler.h">
      <Filter>Header Files</Filter>
    </ClInclude>
    <ClInclude Include="header\util\BuildType.h">
      <Filter>Header Files</Filter>
    </ClInclude>
    <ClInclude Include="header\handler\AudioHandler.h">
      <Filter>Header Files</Filter>
    </ClInclude>
    <ClInclude Include="resource.h">
      <Filter>Header Files</Filter>
    </ClInclude>
    <ClInclude Include="header\interactable\Button.h">
      <Filter>Header Files</Filter>
    </ClInclude>
    <ClInclude Include="header\interfaces\Interactable.h">
      <Filter>Header Files</Filter>
    </ClInclude>
    <ClInclude Include="header\handler\InteractableHandler.h">
      <Filter>Header Files</Filter>
    </ClInclude>
    <ClInclude Include="header\interactable\ImageButton.h">
      <Filter>Header Files</Filter>
    </ClInclude>
    <ClInclude Include="header\sound\Sound.h">
      <Filter>Header Files</Filter>
    </ClInclude>
    <ClInclude Include="header\display\render\ButtonRenderer.h">
      <Filter>Header Files</Filter>
    </ClInclude>
    <ClInclude Include="header\interactable\CookieButton.h">
      <Filter>Header Files</Filter>
    </ClInclude>
    <ClInclude Include="header\display\render\StaticImageRenderer.h">
      <Filter>Header Files</Filter>
    </ClInclude>
    <ClInclude Include="header\objects\StaticImage.h">
      <Filter>Header Files</Filter>
    </ClInclude>
    <ClInclude Include="header\display\render\Renderer.h">
      <Filter>Header Files</Filter>
    </ClInclude>
    <ClInclude Include="header\game\PlayerData.h">
      <Filter>Header Files</Filter>
    </ClInclude>
    <ClInclude Include="header\shaders\FontShader.h">
      <Filter>Header Files</Filter>
    </ClInclude>
    <ClInclude Include="library source\freetype-gl\common.h">
      <Filter>Header Files</Filter>
    </ClInclude>
    <ClInclude Include="library source\freetype-gl\freetype-gl.h">
      <Filter>Header Files</Filter>
    </ClInclude>
    <ClInclude Include="library source\freetype-gl\opengl.h">
      <Filter>Header Files</Filter>
    </ClInclude>
    <ClInclude Include="library source\freetype-gl\platform.h">
      <Filter>Header Files</Filter>
    </ClInclude>
    <ClInclude Include="library source\freetype-gl\texture-atlas.h">
      <Filter>Header Files</Filter>
    </ClInclude>
    <ClInclude Include="library source\freetype-gl\texture-font.h">
      <Filter>Header Files</Filter>
    </ClInclude>
    <ClInclude Include="library source\freetype-gl\vec234.h">
      <Filter>Header Files</Filter>
    </ClInclude>
    <ClInclude Include="library source\freetype-gl\vector.h">
      <Filter>Header Files</Filter>
    </ClInclude>
    <ClInclude Include="lib\freetype\config\ftconfig.h">
      <Filter>Header Files</Filter>
    </ClInclude>
    <ClInclude Include="lib\freetype\config\ftheader.h">
      <Filter>Header Files</Filter>
    </ClInclude>
    <ClInclude Include="lib\freetype\config\ftmodule.h">
      <Filter>Header Files</Filter>
    </ClInclude>
    <ClInclude Include="lib\freetype\config\ftoption.h">
      <Filter>Header Files</Filter>
    </ClInclude>
    <ClInclude Include="lib\freetype\config\ftstdlib.h">
      <Filter>Header Files</Filter>
    </ClInclude>
    <ClInclude Include="lib\freetype\internal\services\svbdf.h">
      <Filter>Header Files</Filter>
    </ClInclude>
    <ClInclude Include="lib\freetype\internal\services\svcid.h">
      <Filter>Header Files</Filter>
    </ClInclude>
    <ClInclude Include="lib\freetype\internal\services\svgldict.h">
      <Filter>Header Files</Filter>
    </ClInclude>
    <ClInclude Include="lib\freetype\internal\services\svgxval.h">
      <Filter>Header Files</Filter>
    </ClInclude>
    <ClInclude Include="lib\freetype\internal\services\svkern.h">
      <Filter>Header Files</Filter>
    </ClInclude>
    <ClInclude Include="lib\freetype\internal\services\svmm.h">
      <Filter>Header Files</Filter>
    </ClInclude>
    <ClInclude Include="lib\freetype\internal\services\svotval.h">
      <Filter>Header Files</Filter>
    </ClInclude>
    <ClInclude Include="lib\freetype\internal\services\svpfr.h">
      <Filter>Header Files</Filter>
    </ClInclude>
    <ClInclude Include="lib\freetype\internal\services\svpostnm.h">
      <Filter>Header Files</Filter>
    </ClInclude>
    <ClInclude Include="lib\freetype\internal\services\svpscmap.h">
      <Filter>Header Files</Filter>
    </ClInclude>
    <ClInclude Include="lib\freetype\internal\services\svpsinfo.h">
      <Filter>Header Files</Filter>
    </ClInclude>
    <ClInclude Include="lib\freetype\internal\services\svsfnt.h">
      <Filter>Header Files</Filter>
    </ClInclude>
    <ClInclude Include="lib\freetype\internal\services\svttcmap.h">
      <Filter>Header Files</Filter>
    </ClInclude>
    <ClInclude Include="lib\freetype\internal\services\svtteng.h">
      <Filter>Header Files</Filter>
    </ClInclude>
    <ClInclude Include="lib\freetype\internal\services\svttglyf.h">
      <Filter>Header Files</Filter>
    </ClInclude>
    <ClInclude Include="lib\freetype\internal\services\svwinfnt.h">
      <Filter>Header Files</Filter>
    </ClInclude>
    <ClInclude Include="lib\freetype\internal\services\svxf86nm.h">
      <Filter>Header Files</Filter>
    </ClInclude>
    <ClInclude Include="lib\freetype\internal\autohint.h">
      <Filter>Header Files</Filter>
    </ClInclude>
    <ClInclude Include="lib\freetype\internal\ftcalc.h">
      <Filter>Header Files</Filter>
    </ClInclude>
    <ClInclude Include="lib\freetype\internal\ftdebug.h">
      <Filter>Header Files</Filter>
    </ClInclude>
    <ClInclude Include="lib\freetype\internal\ftdriver.h">
      <Filter>Header Files</Filter>
    </ClInclude>
    <ClInclude Include="lib\freetype\internal\ftgloadr.h">
      <Filter>Header Files</Filter>
    </ClInclude>
    <ClInclude Include="lib\freetype\internal\ftmemory.h">
      <Filter>Header Files</Filter>
    </ClInclude>
    <ClInclude Include="lib\freetype\internal\ftobjs.h">
      <Filter>Header Files</Filter>
    </ClInclude>
    <ClInclude Include="lib\freetype\internal\ftpic.h">
      <Filter>Header Files</Filter>
    </ClInclude>
    <ClInclude Include="lib\freetype\internal\ftrfork.h">
      <Filter>Header Files</Filter>
    </ClInclude>
    <ClInclude Include="lib\freetype\internal\ftserv.h">
      <Filter>Header Files</Filter>
    </ClInclude>
    <ClInclude Include="lib\freetype\internal\ftstream.h">
      <Filter>Header Files</Filter>
    </ClInclude>
    <ClInclude Include="lib\freetype\internal\fttrace.h">
      <Filter>Header Files</Filter>
    </ClInclude>
    <ClInclude Include="lib\freetype\internal\ftvalid.h">
      <Filter>Header Files</Filter>
    </ClInclude>
    <ClInclude Include="lib\freetype\internal\internal.h">
      <Filter>Header Files</Filter>
    </ClInclude>
    <ClInclude Include="lib\freetype\internal\psaux.h">
      <Filter>Header Files</Filter>
    </ClInclude>
    <ClInclude Include="lib\freetype\internal\pshints.h">
      <Filter>Header Files</Filter>
    </ClInclude>
    <ClInclude Include="lib\freetype\internal\sfnt.h">
      <Filter>Header Files</Filter>
    </ClInclude>
    <ClInclude Include="lib\freetype\internal\t1types.h">
      <Filter>Header Files</Filter>
    </ClInclude>
    <ClInclude Include="lib\freetype\internal\tttypes.h">
      <Filter>Header Files</Filter>
    </ClInclude>
    <ClInclude Include="lib\freetype\freetype.h">
      <Filter>Header Files</Filter>
    </ClInclude>
    <ClInclude Include="lib\freetype\ftadvanc.h">
      <Filter>Header Files</Filter>
    </ClInclude>
    <ClInclude Include="lib\freetype\ftbbox.h">
      <Filter>Header Files</Filter>
    </ClInclude>
    <ClInclude Include="lib\freetype\ftbdf.h">
      <Filter>Header Files</Filter>
    </ClInclude>
    <ClInclude Include="lib\freetype\ftbitmap.h">
      <Filter>Header Files</Filter>
    </ClInclude>
    <ClInclude Include="lib\freetype\ftbzip2.h">
      <Filter>Header Files</Filter>
    </ClInclude>
    <ClInclude Include="lib\freetype\ftcache.h">
      <Filter>Header Files</Filter>
    </ClInclude>
    <ClInclude Include="lib\freetype\ftchapters.h">
      <Filter>Header Files</Filter>
    </ClInclude>
    <ClInclude Include="lib\freetype\ftcid.h">
      <Filter>Header Files</Filter>
    </ClInclude>
    <ClInclude Include="lib\freetype\fterrdef.h">
      <Filter>Header Files</Filter>
    </ClInclude>
    <ClInclude Include="lib\freetype\fterrors.h">
      <Filter>Header Files</Filter>
    </ClInclude>
    <ClInclude Include="lib\freetype\ftgasp.h">
      <Filter>Header Files</Filter>
    </ClInclude>
    <ClInclude Include="lib\freetype\ftglyph.h">
      <Filter>Header Files</Filter>
    </ClInclude>
    <ClInclude Include="lib\freetype\ftgxval.h">
      <Filter>Header Files</Filter>
    </ClInclude>
    <ClInclude Include="lib\freetype\ftgzip.h">
      <Filter>Header Files</Filter>
    </ClInclude>
    <ClInclude Include="lib\freetype\ftimage.h">
      <Filter>Header Files</Filter>
    </ClInclude>
    <ClInclude Include="lib\freetype\ftincrem.h">
      <Filter>Header Files</Filter>
    </ClInclude>
    <ClInclude Include="lib\freetype\ftlcdfil.h">
      <Filter>Header Files</Filter>
    </ClInclude>
    <ClInclude Include="lib\freetype\ftlist.h">
      <Filter>Header Files</Filter>
    </ClInclude>
    <ClInclude Include="lib\freetype\ftlzw.h">
      <Filter>Header Files</Filter>
    </ClInclude>
    <ClInclude Include="lib\freetype\ftmac.h">
      <Filter>Header Files</Filter>
    </ClInclude>
    <ClInclude Include="lib\freetype\ftmm.h">
      <Filter>Header Files</Filter>
    </ClInclude>
    <ClInclude Include="lib\freetype\ftmodapi.h">
      <Filter>Header Files</Filter>
    </ClInclude>
    <ClInclude Include="lib\freetype\ftmoderr.h">
      <Filter>Header Files</Filter>
    </ClInclude>
    <ClInclude Include="lib\freetype\ftotval.h">
      <Filter>Header Files</Filter>
    </ClInclude>
    <ClInclude Include="lib\freetype\ftoutln.h">
      <Filter>Header Files</Filter>
    </ClInclude>
    <ClInclude Include="lib\freetype\ftpfr.h">
      <Filter>Header Files</Filter>
    </ClInclude>
    <ClInclude Include="lib\freetype\ftrender.h">
      <Filter>Header Files</Filter>
    </ClInclude>
    <ClInclude Include="lib\freetype\ftsizes.h">
      <Filter>Header Files</Filter>
    </ClInclude>
    <ClInclude Include="lib\freetype\ftsnames.h">
      <Filter>Header Files</Filter>
    </ClInclude>
    <ClInclude Include="lib\freetype\ftstroke.h">
      <Filter>Header Files</Filter>
    </ClInclude>
    <ClInclude Include="lib\freetype\ftsynth.h">
      <Filter>Header Files</Filter>
    </ClInclude>
    <ClInclude Include="lib\freetype\ftsystem.h">
      <Filter>Header Files</Filter>
    </ClInclude>
    <ClInclude Include="lib\freetype\fttrigon.h">
      <Filter>Header Files</Filter>
    </ClInclude>
    <ClInclude Include="lib\freetype\fttypes.h">
      <Filter>Header Files</Filter>
    </ClInclude>
    <ClInclude Include="lib\freetype\ftwinfnt.h">
      <Filter>Header Files</Filter>
    </ClInclude>
    <ClInclude Include="lib\freetype\ftxf86.h">
      <Filter>Header Files</Filter>
    </ClInclude>
    <ClInclude Include="lib\freetype\t1tables.h">
      <Filter>Header Files</Filter>
    </ClInclude>
    <ClInclude Include="lib\freetype\ttnameid.h">
      <Filter>Header Files</Filter>
    </ClInclude>
    <ClInclude Include="lib\freetype\tttables.h">
      <Filter>Header Files</Filter>
    </ClInclude>
    <ClInclude Include="lib\freetype\tttags.h">
      <Filter>Header Files</Filter>
    </ClInclude>
    <ClInclude Include="lib\freetype\ttunpat.h">
      <Filter>Header Files</Filter>
    </ClInclude>
    <ClInclude Include="header\game\GameSaver.h">
      <Filter>Header Files</Filter>
    </ClInclude>
    <ClInclude Include="header\handler\EffectHandler.h">
      <Filter>Header Files</Filter>
    </ClInclude>
    <ClInclude Include="header\Main.h">
      <Filter>Header Files</Filter>
    </ClInclude>
    <ClInclude Include="header\shaders\TextShader.h">
      <Filter>Header Files</Filter>
    </ClInclude>
    <ClInclude Include="header\objects\DynamicModel.h">
      <Filter>Header Files</Filter>
    </ClInclude>
    <ClInclude Include="header\shop\ShopPrices.h">
      <Filter>Header Files</Filter>
    </ClInclude>
    <ClInclude Include="header\game\GameSettings.h">
      <Filter>Header Files</Filter>
    </ClInclude>
    <ClInclude Include="header\shop\ShopTile.h">
      <Filter>Header Files</Filter>
    </ClInclude>
    <ClInclude Include="header\handler\FontHandler.h">
      <Filter>Header Files</Filter>
    </ClInclude>
    <ClInclude Include="header\util\Formatter.h">
      <Filter>Header Files</Filter>
    </ClInclude>
    <ClInclude Include="header\shop\Shop.h">
      <Filter>Header Files</Filter>
    </ClInclude>
    <ClInclude Include="header\handler\ShopHandler.h">
      <Filter>Header Files</Filter>
    </ClInclude>
    <ClInclude Include="header\effects\ClickLabel.h">
      <Filter>Header Files</Filter>
    </ClInclude>
    <ClInclude Include="header\handler\CookieHandler.h">
      <Filter>Header Files</Filter>
    </ClInclude>
    <ClInclude Include="header\handler\UpgradeHandler.h">
      <Filter>Header Files</Filter>
    </ClInclude>
    <ClInclude Include="header\shop\Upgrade.h">
      <Filter>Header Files</Filter>
    </ClInclude>
    <ClInclude Include="header\loading\UpgradeLoader.h">
      <Filter>Header Files</Filter>
    </ClInclude>
    <ClInclude Include="header\display\render\TextRenderer.h">
      <Filter>Header Files</Filter>
    </ClInclude>
    <ClInclude Include="header\text\Font.h">
      <Filter>Header Files</Filter>
    </ClInclude>
    <ClInclude Include="header\text\Label.h">
      <Filter>Header Files</Filter>
    </ClInclude>
    <ClInclude Include="header\display\render\InfoPaneRenderer.h">
      <Filter>Header Files</Filter>
    </ClInclude>
    <ClInclude Include="header\ui\UpgradeInfoPane.h">
      <Filter>Header Files</Filter>
    </ClInclude>
    <ClInclude Include="header\ui\BuildingInfoPane.h">
      <Filter>Header Files</Filter>
    </ClInclude>
  </ItemGroup>
  <ItemGroup>
    <None Include="src\shaders\fragmentShader.fs" />
    <None Include="src\shaders\vertexShader.vs" />
    <None Include="src\shaders\fontFragmentShader.fs" />
    <None Include="src\shaders\fontVertexShader.vs" />
    <None Include="src\shaders\textFragmentShader.fs" />
    <None Include="src\shaders\textVertexShader.vs" />
  </ItemGroup>
  <ItemGroup>
    <ResourceCompile Include="OpenGL Cookie Clicker.rc">
      <Filter>Resource Files</Filter>
    </ResourceCompile>
  </ItemGroup>
  <ItemGroup>
    <Image Include="res\icon.ico">
      <Filter>Resource Files</Filter>
    </Image>
  </ItemGroup>
</Project>